
Microsoft Visual Studio Solution File, Format Version 12.00
# Visual Studio 2012
Project("{FAE04EC0-301F-11D3-BF4B-00C04F79EFBC}") = "MobilePhone", "MobilePhone\MobilePhone.csproj", "{21DE6751-1F8D-4BAC-B399-B71A8513895B}"
EndProject
Project("{2150E333-8FDC-42A3-9474-1A3956D46DE8}") = "ProblemTexts", "ProblemTexts", "{A3D4FCFA-2773-418C-B118-40CC41AA6565}"
	ProjectSection(SolutionItems) = preProject
		ProblemTexts.txt = ProblemTexts.txt
	EndProjectSection
EndProject
Global
	GlobalSection(SolutionConfigurationPlatforms) = preSolution
		Debug|Any CPU = Debug|Any CPU
		Release|Any CPU = Release|Any CPU
	EndGlobalSection
	GlobalSection(ProjectConfigurationPlatforms) = postSolution
		{21DE6751-1F8D-4BAC-B399-B71A8513895B}.Debug|Any CPU.ActiveCfg = Debug|Any CPU
		{21DE6751-1F8D-4BAC-B399-B71A8513895B}.Debug|Any CPU.Build.0 = Debug|Any CPU
		{21DE6751-1F8D-4BAC-B399-B71A8513895B}.Release|Any CPU.ActiveCfg = Release|Any CPU
		{21DE6751-1F8D-4BAC-B399-B71A8513895B}.Release|Any CPU.Build.0 = Release|Any CPU
	EndGlobalSection
	GlobalSection(SolutionProperties) = preSolution
		HideSolutionNode = FALSE
	EndGlobalSection
EndGlobal
